
Microsoft Visual Studio Solution File, Format Version 12.00
# Visual Studio 15
VisualStudioVersion = 15.0.28010.2026
MinimumVisualStudioVersion = 10.0.40219.1
Project("{8BC9CEB8-8B4A-11D0-8D11-00A0C91BC942}") = "cv0101", "cv0101\cv0101.vcxproj", "{33AF1585-3A7A-49A7-9CD4-0BEDC3D7C4AA}"
EndProject
Global
	GlobalSection(SolutionConfigurationPlatforms) = preSolution
		Debug|x64 = Debug|x64
		Debug|x86 = Debug|x86
		Release|x64 = Release|x64
		Release|x86 = Release|x86
	EndGlobalSection
	GlobalSection(ProjectConfigurationPlatforms) = postSolution
		{33AF1585-3A7A-49A7-9CD4-0BEDC3D7C4AA}.Debug|x64.ActiveCfg = Debug|x64
		{33AF1585-3A7A-49A7-9CD4-0BEDC3D7C4AA}.Debug|x64.Build.0 = Debug|x64
		{33AF1585-3A7A-49A7-9CD4-0BEDC3D7C4AA}.Debug|x86.ActiveCfg = Debug|Win32
		{33AF1585-3A7A-49A7-9CD4-0BEDC3D7C4AA}.Debug|x86.Build.0 = Debug|Win32
		{33AF1585-3A7A-49A7-9CD4-0BEDC3D7C4AA}.Release|x64.ActiveCfg = Release|x64
		{33AF1585-3A7A-49A7-9CD4-0BEDC3D7C4AA}.Release|x64.Build.0 = Release|x64
		{33AF1585-3A7A-49A7-9CD4-0BEDC3D7C4AA}.Release|x86.ActiveCfg = Release|Win32
		{33AF1585-3A7A-49A7-9CD4-0BEDC3D7C4AA}.Release|x86.Build.0 = Release|Win32
	EndGlobalSection
	GlobalSection(SolutionProperties) = preSolution
		HideSolutionNode = FALSE
	EndGlobalSection
	GlobalSection(ExtensibilityGlobals) = postSolution
		SolutionGuid = {1D016699-FC84-4A3A-B566-33ABE4CE43F2}
	EndGlobalSection
EndGlobal
