
Microsoft Visual Studio Solution File, Format Version 12.00
# Visual Studio 15
VisualStudioVersion = 15.0.28010.2026
MinimumVisualStudioVersion = 10.0.40219.1
Project("{8BC9CEB8-8B4A-11D0-8D11-00A0C91BC942}") = "Vac_project", "Vac_project\Vac_project.vcxproj", "{FE694042-9451-4F7F-8F2A-501CF1FD0599}"
EndProject
Global
	GlobalSection(SolutionConfigurationPlatforms) = preSolution
		Debug|x64 = Debug|x64
		Debug|x86 = Debug|x86
		Release|x64 = Release|x64
		Release|x86 = Release|x86
	EndGlobalSection
	GlobalSection(ProjectConfigurationPlatforms) = postSolution
		{FE694042-9451-4F7F-8F2A-501CF1FD0599}.Debug|x64.ActiveCfg = Debug|x64
		{FE694042-9451-4F7F-8F2A-501CF1FD0599}.Debug|x64.Build.0 = Debug|x64
		{FE694042-9451-4F7F-8F2A-501CF1FD0599}.Debug|x86.ActiveCfg = Debug|Win32
		{FE694042-9451-4F7F-8F2A-501CF1FD0599}.Debug|x86.Build.0 = Debug|Win32
		{FE694042-9451-4F7F-8F2A-501CF1FD0599}.Release|x64.ActiveCfg = Release|x64
		{FE694042-9451-4F7F-8F2A-501CF1FD0599}.Release|x64.Build.0 = Release|x64
		{FE694042-9451-4F7F-8F2A-501CF1FD0599}.Release|x86.ActiveCfg = Release|Win32
		{FE694042-9451-4F7F-8F2A-501CF1FD0599}.Release|x86.Build.0 = Release|Win32
	EndGlobalSection
	GlobalSection(SolutionProperties) = preSolution
		HideSolutionNode = FALSE
	EndGlobalSection
	GlobalSection(ExtensibilityGlobals) = postSolution
		SolutionGuid = {4345A475-35C2-43BF-A37D-10F065527DDD}
	EndGlobalSection
EndGlobal
